
Microsoft Visual Studio Solution File, Format Version 12.00
# Visual Studio Version 17
VisualStudioVersion = 17.9.34607.119
MinimumVisualStudioVersion = 10.0.40219.1
Project("{FAE04EC0-301F-11D3-BF4B-00C04F79EFBC}") = "DFF", "DFF\DFF.csproj", "{AD92EB69-C4B6-4A80-A9A0-93AE1F6B8B29}"
EndProject
Global
	GlobalSection(SolutionConfigurationPlatforms) = preSolution
		Debug|Any CPU = Debug|Any CPU
		Release|Any CPU = Release|Any CPU
	EndGlobalSection
	GlobalSection(ProjectConfigurationPlatforms) = postSolution
		{AD92EB69-C4B6-4A80-A9A0-93AE1F6B8B29}.Debug|Any CPU.ActiveCfg = Debug|Any CPU
		{AD92EB69-C4B6-4A80-A9A0-93AE1F6B8B29}.Debug|Any CPU.Build.0 = Debug|Any CPU
		{AD92EB69-C4B6-4A80-A9A0-93AE1F6B8B29}.Release|Any CPU.ActiveCfg = Release|Any CPU
		{AD92EB69-C4B6-4A80-A9A0-93AE1F6B8B29}.Release|Any CPU.Build.0 = Release|Any CPU
	EndGlobalSection
	GlobalSection(SolutionProperties) = preSolution
		HideSolutionNode = FALSE
	EndGlobalSection
	GlobalSection(ExtensibilityGlobals) = postSolution
		SolutionGuid = {4DFE7A21-7B88-495D-8514-54C7D15FDA0C}
	EndGlobalSection
EndGlobal
